
Microsoft Visual Studio Solution File, Format Version 12.00
# Visual Studio Version 16
VisualStudioVersion = 16.0.29505.145
MinimumVisualStudioVersion = 10.0.40219.1
Project("{FAE04EC0-301F-11D3-BF4B-00C04F79EFBC}") = "SmokeyLibrarian", "SmokeyLibrarian.csproj", "{110BDF1E-B0BA-4F62-81BA-93E657A82737}"
EndProject
Project("{FAE04EC0-301F-11D3-BF4B-00C04F79EFBC}") = "SmokeyLibrarianGUI", "..\SmokeyLibrarianGUI\SmokeyLibrarianGUI.csproj", "{3334212A-DB10-4E55-BD31-9AAE926DAB7A}"
EndProject
Global
	GlobalSection(SolutionConfigurationPlatforms) = preSolution
		Debug|Any CPU = Debug|Any CPU
		Release|Any CPU = Release|Any CPU
	EndGlobalSection
	GlobalSection(ProjectConfigurationPlatforms) = postSolution
		{110BDF1E-B0BA-4F62-81BA-93E657A82737}.Debug|Any CPU.ActiveCfg = Debug|Any CPU
		{110BDF1E-B0BA-4F62-81BA-93E657A82737}.Debug|Any CPU.Build.0 = Debug|Any CPU
		{110BDF1E-B0BA-4F62-81BA-93E657A82737}.Release|Any CPU.ActiveCfg = Release|Any CPU
		{110BDF1E-B0BA-4F62-81BA-93E657A82737}.Release|Any CPU.Build.0 = Release|Any CPU
		{3334212A-DB10-4E55-BD31-9AAE926DAB7A}.Debug|Any CPU.ActiveCfg = Debug|Any CPU
		{3334212A-DB10-4E55-BD31-9AAE926DAB7A}.Debug|Any CPU.Build.0 = Debug|Any CPU
		{3334212A-DB10-4E55-BD31-9AAE926DAB7A}.Release|Any CPU.ActiveCfg = Release|Any CPU
		{3334212A-DB10-4E55-BD31-9AAE926DAB7A}.Release|Any CPU.Build.0 = Release|Any CPU
	EndGlobalSection
	GlobalSection(SolutionProperties) = preSolution
		HideSolutionNode = FALSE
	EndGlobalSection
	GlobalSection(ExtensibilityGlobals) = postSolution
		SolutionGuid = {4A758275-4573-4AFA-9314-AC580A18A3F1}
	EndGlobalSection
EndGlobal
